// !$*UTF8*$!
{
	archiveVersion = 1;
	classes = {
	};
	objectVersion = 46;
	objects = {

/* Begin PBXBuildFile section */
		2C20FB8A1DB6C190003078F9 /* main.m in Sources */ = {isa = PBXBuildFile; fileRef = 2C20FB891DB6C190003078F9 /* main.m */; };
		2C20FB8D1DB6C190003078F9 /* AppDelegate.m in Sources */ = {isa = PBXBuildFile; fileRef = 2C20FB8C1DB6C190003078F9 /* AppDelegate.m */; };
		2C20FB931DB6C190003078F9 /* Main.storyboard in Resources */ = {isa = PBXBuildFile; fileRef = 2C20FB911DB6C190003078F9 /* Main.storyboard */; };
		2C20FB951DB6C190003078F9 /* Assets.xcassets in Resources */ = {isa = PBXBuildFile; fileRef = 2C20FB941DB6C190003078F9 /* Assets.xcassets */; };
		2C20FB981DB6C190003078F9 /* LaunchScreen.storyboard in Resources */ = {isa = PBXBuildFile; fileRef = 2C20FB961DB6C190003078F9 /* LaunchScreen.storyboard */; };
		2C20FBA31DB6C191003078F9 /* ProutsAppTests.m in Sources */ = {isa = PBXBuildFile; fileRef = 2C20FBA21DB6C191003078F9 /* ProutsAppTests.m */; };
		2C20FBAE1DB6C191003078F9 /* ProutsAppUITests.m in Sources */ = {isa = PBXBuildFile; fileRef = 2C20FBAD1DB6C191003078F9 /* ProutsAppUITests.m */; };
		2C20FBBE1DB6C286003078F9 /* SignupViewController.m in Sources */ = {isa = PBXBuildFile; fileRef = 2C20FBBD1DB6C286003078F9 /* SignupViewController.m */; };
		2C20FBC11DB6C293003078F9 /* LoginViewController.m in Sources */ = {isa = PBXBuildFile; fileRef = 2C20FBC01DB6C293003078F9 /* LoginViewController.m */; };
		2C20FBCD1DB6C2A1003078F9 /* Constants.m in Sources */ = {isa = PBXBuildFile; fileRef = 2C20FBC31DB6C2A1003078F9 /* Constants.m */; };
		2C20FBCE1DB6C2A1003078F9 /* Person.m in Sources */ = {isa = PBXBuildFile; fileRef = 2C20FBC51DB6C2A1003078F9 /* Person.m */; };
		2C20FBCF1DB6C2A1003078F9 /* Screen.m in Sources */ = {isa = PBXBuildFile; fileRef = 2C20FBC71DB6C2A1003078F9 /* Screen.m */; };
		2C20FBD01DB6C2A1003078F9 /* StringFromDateTranslate.m in Sources */ = {isa = PBXBuildFile; fileRef = 2C20FBC91DB6C2A1003078F9 /* StringFromDateTranslate.m */; };
		2C20FBD11DB6C2A1003078F9 /* UIColor+CustomColors.m in Sources */ = {isa = PBXBuildFile; fileRef = 2C20FBCC1DB6C2A1003078F9 /* UIColor+CustomColors.m */; };
		2C20FBD41DB6C2AB003078F9 /* LaunchScreen.m in Sources */ = {isa = PBXBuildFile; fileRef = 2C20FBD31DB6C2AB003078F9 /* LaunchScreen.m */; };
		2C20FBD71DB6C2D8003078F9 /* EditFriendsViewController.m in Sources */ = {isa = PBXBuildFile; fileRef = 2C20FBD61DB6C2D8003078F9 /* EditFriendsViewController.m */; };
		2C20FBE81DB6C34D003078F9 /* ButtonTableViewCell.m in Sources */ = {isa = PBXBuildFile; fileRef = 2C20FBDF1DB6C34D003078F9 /* ButtonTableViewCell.m */; };
		2C20FBE91DB6C34D003078F9 /* LabelButtonTableViewCell.m in Sources */ = {isa = PBXBuildFile; fileRef = 2C20FBE11DB6C34D003078F9 /* LabelButtonTableViewCell.m */; };
		2C20FBEA1DB6C34D003078F9 /* SettingsCell.m in Sources */ = {isa = PBXBuildFile; fileRef = 2C20FBE31DB6C34D003078F9 /* SettingsCell.m */; };
		2C20FBEB1DB6C34D003078F9 /* SettingsViewController.m in Sources */ = {isa = PBXBuildFile; fileRef = 2C20FBE51DB6C34D003078F9 /* SettingsViewController.m */; };
		2C20FBEC1DB6C34D003078F9 /* SwitchTableViewCell.m in Sources */ = {isa = PBXBuildFile; fileRef = 2C20FBE71DB6C34D003078F9 /* SwitchTableViewCell.m */; };
		2C20FBF51DB6C359003078F9 /* AddEventsViewController.m in Sources */ = {isa = PBXBuildFile; fileRef = 2C20FBEE1DB6C359003078F9 /* AddEventsViewController.m */; };
		2C20FBF61DB6C359003078F9 /* ShowFriendViewController.m in Sources */ = {isa = PBXBuildFile; fileRef = 2C20FBF01DB6C359003078F9 /* ShowFriendViewController.m */; };
		2C20FBF71DB6C359003078F9 /* AddGroupViewController.m in Sources */ = {isa = PBXBuildFile; fileRef = 2C20FBF21DB6C359003078F9 /* AddGroupViewController.m */; };
		2C20FBF81DB6C359003078F9 /* EventDetailViewController.m in Sources */ = {isa = PBXBuildFile; fileRef = 2C20FBF41DB6C359003078F9 /* EventDetailViewController.m */; };
		2C20FC001DB6C580003078F9 /* HomeViewController.m in Sources */ = {isa = PBXBuildFile; fileRef = 2C20FBD91DB6C2F5003078F9 /* HomeViewController.m */; };
		2C20FC011DB6C586003078F9 /* HomeCell.m in Sources */ = {isa = PBXBuildFile; fileRef = 2C20FBDC1DB6C31A003078F9 /* HomeCell.m */; };
		2C20FC041DB6DAA0003078F9 /* Wolf-in-the-City.ttf in Resources */ = {isa = PBXBuildFile; fileRef = 2C20FC031DB6DAA0003078F9 /* Wolf-in-the-City.ttf */; };
		2C36BF031DB7D5010015724D /* KYShutterButton.swift in Sources */ = {isa = PBXBuildFile; fileRef = 2C36BF021DB7D5010015724D /* KYShutterButton.swift */; };
		2CF0864B1DB79908009F16B8 /* TimerButton.m in Sources */ = {isa = PBXBuildFile; fileRef = 2CF0864A1DB79908009F16B8 /* TimerButton.m */; };
		3BF30AB69F10A38A6235B128 /* libPods-ProutsApp.a in Frameworks */ = {isa = PBXBuildFile; fileRef = 26AFA727626BE4E1339EECED /* libPods-ProutsApp.a */; };
		56D17D4784E394B468278777 /* libPods-ProutsAppUITests.a in Frameworks */ = {isa = PBXBuildFile; fileRef = B66D91FBFED492E70291204C /* libPods-ProutsAppUITests.a */; };
		B438170C2ACC4FFE4EE7B3CF /* libPods-ProutsAppTests.a in Frameworks */ = {isa = PBXBuildFile; fileRef = BD7201735D3BDC09BF723E47 /* libPods-ProutsAppTests.a */; };
/* End PBXBuildFile section */

/* Begin PBXContainerItemProxy section */
		2C20FB9F1DB6C191003078F9 /* PBXContainerItemProxy */ = {
			isa = PBXContainerItemProxy;
			containerPortal = 2C20FB7D1DB6C190003078F9 /* Project object */;
			proxyType = 1;
			remoteGlobalIDString = 2C20FB841DB6C190003078F9;
			remoteInfo = ProutsApp;
		};
		2C20FBAA1DB6C191003078F9 /* PBXContainerItemProxy */ = {
			isa = PBXContainerItemProxy;
			containerPortal = 2C20FB7D1DB6C190003078F9 /* Project object */;
			proxyType = 1;
			remoteGlobalIDString = 2C20FB841DB6C190003078F9;
			remoteInfo = ProutsApp;
		};
/* End PBXContainerItemProxy section */

/* Begin PBXFileReference section */
		26AFA727626BE4E1339EECED /* libPods-ProutsApp.a */ = {isa = PBXFileReference; explicitFileType = archive.ar; includeInIndex = 0; path = "libPods-ProutsApp.a"; sourceTree = BUILT_PRODUCTS_DIR; };
		2C20FB851DB6C190003078F9 /* ProutsApp.app */ = {isa = PBXFileReference; explicitFileType = wrapper.application; includeInIndex = 0; path = ProutsApp.app; sourceTree = BUILT_PRODUCTS_DIR; };
		2C20FB891DB6C190003078F9 /* main.m */ = {isa = PBXFileReference; lastKnownFileType = sourcecode.c.objc; path = main.m; sourceTree = "<group>"; };
		2C20FB8B1DB6C190003078F9 /* AppDelegate.h */ = {isa = PBXFileReference; lastKnownFileType = sourcecode.c.h; path = AppDelegate.h; sourceTree = "<group>"; };
		2C20FB8C1DB6C190003078F9 /* AppDelegate.m */ = {isa = PBXFileReference; lastKnownFileType = sourcecode.c.objc; path = AppDelegate.m; sourceTree = "<group>"; };
		2C20FB921DB6C190003078F9 /* Base */ = {isa = PBXFileReference; lastKnownFileType = file.storyboard; name = Base; path = Base.lproj/Main.storyboard; sourceTree = "<group>"; };
		2C20FB941DB6C190003078F9 /* Assets.xcassets */ = {isa = PBXFileReference; lastKnownFileType = folder.assetcatalog; path = Assets.xcassets; sourceTree = "<group>"; };
		2C20FB971DB6C190003078F9 /* Base */ = {isa = PBXFileReference; lastKnownFileType = file.storyboard; name = Base; path = Base.lproj/LaunchScreen.storyboard; sourceTree = "<group>"; };
		2C20FB991DB6C190003078F9 /* Info.plist */ = {isa = PBXFileReference; lastKnownFileType = text.plist.xml; path = Info.plist; sourceTree = "<group>"; };
		2C20FB9E1DB6C191003078F9 /* ProutsAppTests.xctest */ = {isa = PBXFileReference; explicitFileType = wrapper.cfbundle; includeInIndex = 0; path = ProutsAppTests.xctest; sourceTree = BUILT_PRODUCTS_DIR; };
		2C20FBA21DB6C191003078F9 /* ProutsAppTests.m */ = {isa = PBXFileReference; lastKnownFileType = sourcecode.c.objc; path = ProutsAppTests.m; sourceTree = "<group>"; };
		2C20FBA41DB6C191003078F9 /* Info.plist */ = {isa = PBXFileReference; lastKnownFileType = text.plist.xml; path = Info.plist; sourceTree = "<group>"; };
		2C20FBA91DB6C191003078F9 /* ProutsAppUITests.xctest */ = {isa = PBXFileReference; explicitFileType = wrapper.cfbundle; includeInIndex = 0; path = ProutsAppUITests.xctest; sourceTree = BUILT_PRODUCTS_DIR; };
		2C20FBAD1DB6C191003078F9 /* ProutsAppUITests.m */ = {isa = PBXFileReference; lastKnownFileType = sourcecode.c.objc; path = ProutsAppUITests.m; sourceTree = "<group>"; };
		2C20FBAF1DB6C191003078F9 /* Info.plist */ = {isa = PBXFileReference; lastKnownFileType = text.plist.xml; path = Info.plist; sourceTree = "<group>"; };
		2C20FBBC1DB6C286003078F9 /* SignupViewController.h */ = {isa = PBXFileReference; fileEncoding = 4; lastKnownFileType = sourcecode.c.h; path = SignupViewController.h; sourceTree = "<group>"; };
		2C20FBBD1DB6C286003078F9 /* SignupViewController.m */ = {isa = PBXFileReference; fileEncoding = 4; lastKnownFileType = sourcecode.c.objc; path = SignupViewController.m; sourceTree = "<group>"; };
		2C20FBBF1DB6C293003078F9 /* LoginViewController.h */ = {isa = PBXFileReference; fileEncoding = 4; lastKnownFileType = sourcecode.c.h; path = LoginViewController.h; sourceTree = "<group>"; };
		2C20FBC01DB6C293003078F9 /* LoginViewController.m */ = {isa = PBXFileReference; fileEncoding = 4; lastKnownFileType = sourcecode.c.objc; path = LoginViewController.m; sourceTree = "<group>"; };
		2C20FBC21DB6C2A1003078F9 /* Constants.h */ = {isa = PBXFileReference; fileEncoding = 4; lastKnownFileType = sourcecode.c.h; path = Constants.h; sourceTree = "<group>"; };
		2C20FBC31DB6C2A1003078F9 /* Constants.m */ = {isa = PBXFileReference; fileEncoding = 4; lastKnownFileType = sourcecode.c.objc; path = Constants.m; sourceTree = "<group>"; };
		2C20FBC41DB6C2A1003078F9 /* Person.h */ = {isa = PBXFileReference; fileEncoding = 4; lastKnownFileType = sourcecode.c.h; path = Person.h; sourceTree = "<group>"; };
		2C20FBC51DB6C2A1003078F9 /* Person.m */ = {isa = PBXFileReference; fileEncoding = 4; lastKnownFileType = sourcecode.c.objc; path = Person.m; sourceTree = "<group>"; };
		2C20FBC61DB6C2A1003078F9 /* Screen.h */ = {isa = PBXFileReference; fileEncoding = 4; lastKnownFileType = sourcecode.c.h; path = Screen.h; sourceTree = "<group>"; };
		2C20FBC71DB6C2A1003078F9 /* Screen.m */ = {isa = PBXFileReference; fileEncoding = 4; lastKnownFileType = sourcecode.c.objc; path = Screen.m; sourceTree = "<group>"; };
		2C20FBC81DB6C2A1003078F9 /* StringFromDateTranslate.h */ = {isa = PBXFileReference; fileEncoding = 4; lastKnownFileType = sourcecode.c.h; path = StringFromDateTranslate.h; sourceTree = "<group>"; };
		2C20FBC91DB6C2A1003078F9 /* StringFromDateTranslate.m */ = {isa = PBXFileReference; fileEncoding = 4; lastKnownFileType = sourcecode.c.objc; path = StringFromDateTranslate.m; sourceTree = "<group>"; };
		2C20FBCA1DB6C2A1003078F9 /* CustomFonts.h */ = {isa = PBXFileReference; fileEncoding = 4; lastKnownFileType = sourcecode.c.h; path = CustomFonts.h; sourceTree = "<group>"; };
		2C20FBCB1DB6C2A1003078F9 /* UIColor+CustomColors.h */ = {isa = PBXFileReference; fileEncoding = 4; lastKnownFileType = sourcecode.c.h; path = "UIColor+CustomColors.h"; sourceTree = "<group>"; };
		2C20FBCC1DB6C2A1003078F9 /* UIColor+CustomColors.m */ = {isa = PBXFileReference; fileEncoding = 4; lastKnownFileType = sourcecode.c.objc; path = "UIColor+CustomColors.m"; sourceTree = "<group>"; };
		2C20FBD21DB6C2AB003078F9 /* LaunchScreen.h */ = {isa = PBXFileReference; fileEncoding = 4; lastKnownFileType = sourcecode.c.h; path = LaunchScreen.h; sourceTree = "<group>"; };
		2C20FBD31DB6C2AB003078F9 /* LaunchScreen.m */ = {isa = PBXFileReference; fileEncoding = 4; lastKnownFileType = sourcecode.c.objc; path = LaunchScreen.m; sourceTree = "<group>"; };
		2C20FBD51DB6C2D8003078F9 /* EditFriendsViewController.h */ = {isa = PBXFileReference; fileEncoding = 4; lastKnownFileType = sourcecode.c.h; path = EditFriendsViewController.h; sourceTree = "<group>"; };
		2C20FBD61DB6C2D8003078F9 /* EditFriendsViewController.m */ = {isa = PBXFileReference; fileEncoding = 4; lastKnownFileType = sourcecode.c.objc; path = EditFriendsViewController.m; sourceTree = "<group>"; };
		2C20FBD81DB6C2F5003078F9 /* HomeViewController.h */ = {isa = PBXFileReference; fileEncoding = 4; lastKnownFileType = sourcecode.c.h; name = HomeViewController.h; path = ../HomeViewController.h; sourceTree = "<group>"; };
		2C20FBD91DB6C2F5003078F9 /* HomeViewController.m */ = {isa = PBXFileReference; fileEncoding = 4; lastKnownFileType = sourcecode.c.objc; name = HomeViewController.m; path = ../HomeViewController.m; sourceTree = "<group>"; };
		2C20FBDB1DB6C31A003078F9 /* HomeCell.h */ = {isa = PBXFileReference; fileEncoding = 4; lastKnownFileType = sourcecode.c.h; path = HomeCell.h; sourceTree = "<group>"; };
		2C20FBDC1DB6C31A003078F9 /* HomeCell.m */ = {isa = PBXFileReference; fileEncoding = 4; lastKnownFileType = sourcecode.c.objc; path = HomeCell.m; sourceTree = "<group>"; };
		2C20FBDE1DB6C34D003078F9 /* ButtonTableViewCell.h */ = {isa = PBXFileReference; fileEncoding = 4; lastKnownFileType = sourcecode.c.h; path = ButtonTableViewCell.h; sourceTree = "<group>"; };
		2C20FBDF1DB6C34D003078F9 /* ButtonTableViewCell.m */ = {isa = PBXFileReference; fileEncoding = 4; lastKnownFileType = sourcecode.c.objc; path = ButtonTableViewCell.m; sourceTree = "<group>"; };
		2C20FBE01DB6C34D003078F9 /* LabelButtonTableViewCell.h */ = {isa = PBXFileReference; fileEncoding = 4; lastKnownFileType = sourcecode.c.h; path = LabelButtonTableViewCell.h; sourceTree = "<group>"; };
		2C20FBE11DB6C34D003078F9 /* LabelButtonTableViewCell.m */ = {isa = PBXFileReference; fileEncoding = 4; lastKnownFileType = sourcecode.c.objc; path = LabelButtonTableViewCell.m; sourceTree = "<group>"; };
		2C20FBE21DB6C34D003078F9 /* SettingsCell.h */ = {isa = PBXFileReference; fileEncoding = 4; lastKnownFileType = sourcecode.c.h; path = SettingsCell.h; sourceTree = "<group>"; };
		2C20FBE31DB6C34D003078F9 /* SettingsCell.m */ = {isa = PBXFileReference; fileEncoding = 4; lastKnownFileType = sourcecode.c.objc; path = SettingsCell.m; sourceTree = "<group>"; };
		2C20FBE41DB6C34D003078F9 /* SettingsViewController.h */ = {isa = PBXFileReference; fileEncoding = 4; lastKnownFileType = sourcecode.c.h; path = SettingsViewController.h; sourceTree = "<group>"; };
		2C20FBE51DB6C34D003078F9 /* SettingsViewController.m */ = {isa = PBXFileReference; fileEncoding = 4; lastKnownFileType = sourcecode.c.objc; path = SettingsViewController.m; sourceTree = "<group>"; };
		2C20FBE61DB6C34D003078F9 /* SwitchTableViewCell.h */ = {isa = PBXFileReference; fileEncoding = 4; lastKnownFileType = sourcecode.c.h; path = SwitchTableViewCell.h; sourceTree = "<group>"; };
		2C20FBE71DB6C34D003078F9 /* SwitchTableViewCell.m */ = {isa = PBXFileReference; fileEncoding = 4; lastKnownFileType = sourcecode.c.objc; path = SwitchTableViewCell.m; sourceTree = "<group>"; };
		2C20FBED1DB6C359003078F9 /* AddEventsViewController.h */ = {isa = PBXFileReference; fileEncoding = 4; lastKnownFileType = sourcecode.c.h; path = AddEventsViewController.h; sourceTree = "<group>"; };
		2C20FBEE1DB6C359003078F9 /* AddEventsViewController.m */ = {isa = PBXFileReference; fileEncoding = 4; lastKnownFileType = sourcecode.c.objc; path = AddEventsViewController.m; sourceTree = "<group>"; };
		2C20FBEF1DB6C359003078F9 /* ShowFriendViewController.h */ = {isa = PBXFileReference; fileEncoding = 4; lastKnownFileType = sourcecode.c.h; path = ShowFriendViewController.h; sourceTree = "<group>"; };
		2C20FBF01DB6C359003078F9 /* ShowFriendViewController.m */ = {isa = PBXFileReference; fileEncoding = 4; lastKnownFileType = sourcecode.c.objc; path = ShowFriendViewController.m; sourceTree = "<group>"; };
		2C20FBF11DB6C359003078F9 /* AddGroupViewController.h */ = {isa = PBXFileReference; fileEncoding = 4; lastKnownFileType = sourcecode.c.h; path = AddGroupViewController.h; sourceTree = "<group>"; };
		2C20FBF21DB6C359003078F9 /* AddGroupViewController.m */ = {isa = PBXFileReference; fileEncoding = 4; lastKnownFileType = sourcecode.c.objc; path = AddGroupViewController.m; sourceTree = "<group>"; };
		2C20FBF31DB6C359003078F9 /* EventDetailViewController.h */ = {isa = PBXFileReference; fileEncoding = 4; lastKnownFileType = sourcecode.c.h; path = EventDetailViewController.h; sourceTree = "<group>"; };
		2C20FBF41DB6C359003078F9 /* EventDetailViewController.m */ = {isa = PBXFileReference; fileEncoding = 4; lastKnownFileType = sourcecode.c.objc; path = EventDetailViewController.m; sourceTree = "<group>"; };
		2C20FC021DB6C60D003078F9 /* ProutsApp.entitlements */ = {isa = PBXFileReference; lastKnownFileType = text.plist.entitlements; path = ProutsApp.entitlements; sourceTree = "<group>"; };
		2C20FC031DB6DAA0003078F9 /* Wolf-in-the-City.ttf */ = {isa = PBXFileReference; lastKnownFileType = file; path = "Wolf-in-the-City.ttf"; sourceTree = "<group>"; };
		2C36BF021DB7D5010015724D /* KYShutterButton.swift */ = {isa = PBXFileReference; fileEncoding = 4; lastKnownFileType = sourcecode.swift; path = KYShutterButton.swift; sourceTree = "<group>"; };
		2CF086491DB79908009F16B8 /* TimerButton.h */ = {isa = PBXFileReference; fileEncoding = 4; lastKnownFileType = sourcecode.c.h; path = TimerButton.h; sourceTree = "<group>"; };
		2CF0864A1DB79908009F16B8 /* TimerButton.m */ = {isa = PBXFileReference; fileEncoding = 4; lastKnownFileType = sourcecode.c.objc; path = TimerButton.m; sourceTree = "<group>"; };
		2CF086531DB7ACF9009F16B8 /* ProutsApp-Bridging-Header.h */ = {isa = PBXFileReference; fileEncoding = 4; lastKnownFileType = sourcecode.c.h; path = "ProutsApp-Bridging-Header.h"; sourceTree = "<group>"; };
		8275C36ABA82FC3C54873BF6 /* Pods-ProutsAppTests.release.xcconfig */ = {isa = PBXFileReference; includeInIndex = 1; lastKnownFileType = text.xcconfig; name = "Pods-ProutsAppTests.release.xcconfig"; path = "Pods/Target Support Files/Pods-ProutsAppTests/Pods-ProutsAppTests.release.xcconfig"; sourceTree = "<group>"; };
		82B4C1AAB9CECFFA97C1F8BC /* Pods-ProutsAppUITests.debug.xcconfig */ = {isa = PBXFileReference; includeInIndex = 1; lastKnownFileType = text.xcconfig; name = "Pods-ProutsAppUITests.debug.xcconfig"; path = "Pods/Target Support Files/Pods-ProutsAppUITests/Pods-ProutsAppUITests.debug.xcconfig"; sourceTree = "<group>"; };
		91FB8AC79265E70AA5F8927D /* Pods-ProutsAppUITests.release.xcconfig */ = {isa = PBXFileReference; includeInIndex = 1; lastKnownFileType = text.xcconfig; name = "Pods-ProutsAppUITests.release.xcconfig"; path = "Pods/Target Support Files/Pods-ProutsAppUITests/Pods-ProutsAppUITests.release.xcconfig"; sourceTree = "<group>"; };
		B66D91FBFED492E70291204C /* libPods-ProutsAppUITests.a */ = {isa = PBXFileReference; explicitFileType = archive.ar; includeInIndex = 0; path = "libPods-ProutsAppUITests.a"; sourceTree = BUILT_PRODUCTS_DIR; };
		BD7201735D3BDC09BF723E47 /* libPods-ProutsAppTests.a */ = {isa = PBXFileReference; explicitFileType = archive.ar; includeInIndex = 0; path = "libPods-ProutsAppTests.a"; sourceTree = BUILT_PRODUCTS_DIR; };
		BE097165DBB69F808CFED8A4 /* Pods-ProutsAppTests.debug.xcconfig */ = {isa = PBXFileReference; includeInIndex = 1; lastKnownFileType = text.xcconfig; name = "Pods-ProutsAppTests.debug.xcconfig"; path = "Pods/Target Support Files/Pods-ProutsAppTests/Pods-ProutsAppTests.debug.xcconfig"; sourceTree = "<group>"; };
		C30473B20D6ACBC1B5E2CBF8 /* Pods-ProutsApp.debug.xcconfig */ = {isa = PBXFileReference; includeInIndex = 1; lastKnownFileType = text.xcconfig; name = "Pods-ProutsApp.debug.xcconfig"; path = "Pods/Target Support Files/Pods-ProutsApp/Pods-ProutsApp.debug.xcconfig"; sourceTree = "<group>"; };
		D9D114B4A4FE2DB4FF119A53 /* Pods-ProutsApp.release.xcconfig */ = {isa = PBXFileReference; includeInIndex = 1; lastKnownFileType = text.xcconfig; name = "Pods-ProutsApp.release.xcconfig"; path = "Pods/Target Support Files/Pods-ProutsApp/Pods-ProutsApp.release.xcconfig"; sourceTree = "<group>"; };
/* End PBXFileReference section */

/* Begin PBXFrameworksBuildPhase section */
		2C20FB821DB6C190003078F9 /* Frameworks */ = {
			isa = PBXFrameworksBuildPhase;
			buildActionMask = 2147483647;
			files = (
				3BF30AB69F10A38A6235B128 /* libPods-ProutsApp.a in Frameworks */,
			);
			runOnlyForDeploymentPostprocessing = 0;
		};
		2C20FB9B1DB6C191003078F9 /* Frameworks */ = {
			isa = PBXFrameworksBuildPhase;
			buildActionMask = 2147483647;
			files = (
				B438170C2ACC4FFE4EE7B3CF /* libPods-ProutsAppTests.a in Frameworks */,
			);
			runOnlyForDeploymentPostprocessing = 0;
		};
		2C20FBA61DB6C191003078F9 /* Frameworks */ = {
			isa = PBXFrameworksBuildPhase;
			buildActionMask = 2147483647;
			files = (
				56D17D4784E394B468278777 /* libPods-ProutsAppUITests.a in Frameworks */,
			);
			runOnlyForDeploymentPostprocessing = 0;
		};
/* End PBXFrameworksBuildPhase section */

/* Begin PBXGroup section */
		04CEDC790AB5E73DF71EECDF /* Pods */ = {
			isa = PBXGroup;
			children = (
				C30473B20D6ACBC1B5E2CBF8 /* Pods-ProutsApp.debug.xcconfig */,
				D9D114B4A4FE2DB4FF119A53 /* Pods-ProutsApp.release.xcconfig */,
				BE097165DBB69F808CFED8A4 /* Pods-ProutsAppTests.debug.xcconfig */,
				8275C36ABA82FC3C54873BF6 /* Pods-ProutsAppTests.release.xcconfig */,
				82B4C1AAB9CECFFA97C1F8BC /* Pods-ProutsAppUITests.debug.xcconfig */,
				91FB8AC79265E70AA5F8927D /* Pods-ProutsAppUITests.release.xcconfig */,
			);
			name = Pods;
			sourceTree = "<group>";
		};
		2C20FB7C1DB6C190003078F9 = {
			isa = PBXGroup;
			children = (
				2C20FB871DB6C190003078F9 /* ProutsApp */,
				2C20FBA11DB6C191003078F9 /* ProutsAppTests */,
				2C20FBAC1DB6C191003078F9 /* ProutsAppUITests */,
				2C20FB861DB6C190003078F9 /* Products */,
				04CEDC790AB5E73DF71EECDF /* Pods */,
				42E8F3379A5395E5CB893F51 /* Frameworks */,
			);
			sourceTree = "<group>";
		};
		2C20FB861DB6C190003078F9 /* Products */ = {
			isa = PBXGroup;
			children = (
				2C20FB851DB6C190003078F9 /* ProutsApp.app */,
				2C20FB9E1DB6C191003078F9 /* ProutsAppTests.xctest */,
				2C20FBA91DB6C191003078F9 /* ProutsAppUITests.xctest */,
			);
			name = Products;
			sourceTree = "<group>";
		};
		2C20FB871DB6C190003078F9 /* ProutsApp */ = {
			isa = PBXGroup;
			children = (
				2CF086531DB7ACF9009F16B8 /* ProutsApp-Bridging-Header.h */,
				2C36BF021DB7D5010015724D /* KYShutterButton.swift */,
				2C20FC021DB6C60D003078F9 /* ProutsApp.entitlements */,
				2C20FB8B1DB6C190003078F9 /* AppDelegate.h */,
				2C20FB8C1DB6C190003078F9 /* AppDelegate.m */,
				2C20FB911DB6C190003078F9 /* Main.storyboard */,
				2C20FB961DB6C190003078F9 /* LaunchScreen.storyboard */,
				2C20FBD21DB6C2AB003078F9 /* LaunchScreen.h */,
				2C20FBD31DB6C2AB003078F9 /* LaunchScreen.m */,
				2C20FBFE1DB6C47C003078F9 /* Common */,
				2C20FBFB1DB6C42F003078F9 /* Login */,
				2C20FBFA1DB6C423003078F9 /* Sign Up */,
				2C20FBF91DB6C412003078F9 /* Home */,
				2C20FBFC1DB6C445003078F9 /* Edit Friends */,
				2C20FBFD1DB6C45E003078F9 /* Settings */,
				2C20FBFF1DB6C4A4003078F9 /* Events */,
				2C20FB941DB6C190003078F9 /* Assets.xcassets */,
				2C20FB991DB6C190003078F9 /* Info.plist */,
				2C20FB881DB6C190003078F9 /* Supporting Files */,
				2CF086491DB79908009F16B8 /* TimerButton.h */,
				2CF0864A1DB79908009F16B8 /* TimerButton.m */,
			);
			path = ProutsApp;
			sourceTree = "<group>";
		};
		2C20FB881DB6C190003078F9 /* Supporting Files */ = {
			isa = PBXGroup;
			children = (
				2C20FC031DB6DAA0003078F9 /* Wolf-in-the-City.ttf */,
				2C20FB891DB6C190003078F9 /* main.m */,
			);
			name = "Supporting Files";
			sourceTree = "<group>";
		};
		2C20FBA11DB6C191003078F9 /* ProutsAppTests */ = {
			isa = PBXGroup;
			children = (
				2C20FBA21DB6C191003078F9 /* ProutsAppTests.m */,
				2C20FBA41DB6C191003078F9 /* Info.plist */,
			);
			path = ProutsAppTests;
			sourceTree = "<group>";
		};
		2C20FBAC1DB6C191003078F9 /* ProutsAppUITests */ = {
			isa = PBXGroup;
			children = (
				2C20FBAD1DB6C191003078F9 /* ProutsAppUITests.m */,
				2C20FBAF1DB6C191003078F9 /* Info.plist */,
			);
			path = ProutsAppUITests;
			sourceTree = "<group>";
		};
		2C20FBF91DB6C412003078F9 /* Home */ = {
			isa = PBXGroup;
			children = (
				2C20FBD81DB6C2F5003078F9 /* HomeViewController.h */,
				2C20FBD91DB6C2F5003078F9 /* HomeViewController.m */,
				2C20FBDB1DB6C31A003078F9 /* HomeCell.h */,
				2C20FBDC1DB6C31A003078F9 /* HomeCell.m */,
			);
			name = Home;
			sourceTree = "<group>";
		};
		2C20FBFA1DB6C423003078F9 /* Sign Up */ = {
			isa = PBXGroup;
			children = (
				2C20FBBC1DB6C286003078F9 /* SignupViewController.h */,
				2C20FBBD1DB6C286003078F9 /* SignupViewController.m */,
			);
			name = "Sign Up";
			sourceTree = "<group>";
		};
		2C20FBFB1DB6C42F003078F9 /* Login */ = {
			isa = PBXGroup;
			children = (
				2C20FBBF1DB6C293003078F9 /* LoginViewController.h */,
				2C20FBC01DB6C293003078F9 /* LoginViewController.m */,
			);
			name = Login;
			sourceTree = "<group>";
		};
		2C20FBFC1DB6C445003078F9 /* Edit Friends */ = {
			isa = PBXGroup;
			children = (
				2C20FBD51DB6C2D8003078F9 /* EditFriendsViewController.h */,
				2C20FBD61DB6C2D8003078F9 /* EditFriendsViewController.m */,
			);
			name = "Edit Friends";
			sourceTree = "<group>";
		};
		2C20FBFD1DB6C45E003078F9 /* Settings */ = {
			isa = PBXGroup;
			children = (
				2C20FBDE1DB6C34D003078F9 /* ButtonTableViewCell.h */,
				2C20FBDF1DB6C34D003078F9 /* ButtonTableViewCell.m */,
				2C20FBE01DB6C34D003078F9 /* LabelButtonTableViewCell.h */,
				2C20FBE11DB6C34D003078F9 /* LabelButtonTableViewCell.m */,
				2C20FBE21DB6C34D003078F9 /* SettingsCell.h */,
				2C20FBE31DB6C34D003078F9 /* SettingsCell.m */,
				2C20FBE41DB6C34D003078F9 /* SettingsViewController.h */,
				2C20FBE51DB6C34D003078F9 /* SettingsViewController.m */,
				2C20FBE61DB6C34D003078F9 /* SwitchTableViewCell.h */,
				2C20FBE71DB6C34D003078F9 /* SwitchTableViewCell.m */,
			);
			name = Settings;
			sourceTree = "<group>";
		};
		2C20FBFE1DB6C47C003078F9 /* Common */ = {
			isa = PBXGroup;
			children = (
				2C20FBC21DB6C2A1003078F9 /* Constants.h */,
				2C20FBC31DB6C2A1003078F9 /* Constants.m */,
				2C20FBC41DB6C2A1003078F9 /* Person.h */,
				2C20FBC51DB6C2A1003078F9 /* Person.m */,
				2C20FBC61DB6C2A1003078F9 /* Screen.h */,
				2C20FBC71DB6C2A1003078F9 /* Screen.m */,
				2C20FBC81DB6C2A1003078F9 /* StringFromDateTranslate.h */,
				2C20FBC91DB6C2A1003078F9 /* StringFromDateTranslate.m */,
				2C20FBCA1DB6C2A1003078F9 /* CustomFonts.h */,
				2C20FBCB1DB6C2A1003078F9 /* UIColor+CustomColors.h */,
				2C20FBCC1DB6C2A1003078F9 /* UIColor+CustomColors.m */,
			);
			name = Common;
			sourceTree = "<group>";
		};
		2C20FBFF1DB6C4A4003078F9 /* Events */ = {
			isa = PBXGroup;
			children = (
				2C20FBED1DB6C359003078F9 /* AddEventsViewController.h */,
				2C20FBEE1DB6C359003078F9 /* AddEventsViewController.m */,
				2C20FBEF1DB6C359003078F9 /* ShowFriendViewController.h */,
				2C20FBF01DB6C359003078F9 /* ShowFriendViewController.m */,
				2C20FBF11DB6C359003078F9 /* AddGroupViewController.h */,
				2C20FBF21DB6C359003078F9 /* AddGroupViewController.m */,
				2C20FBF31DB6C359003078F9 /* EventDetailViewController.h */,
				2C20FBF41DB6C359003078F9 /* EventDetailViewController.m */,
			);
			name = Events;
			sourceTree = "<group>";
		};
		42E8F3379A5395E5CB893F51 /* Frameworks */ = {
			isa = PBXGroup;
			children = (
				26AFA727626BE4E1339EECED /* libPods-ProutsApp.a */,
				BD7201735D3BDC09BF723E47 /* libPods-ProutsAppTests.a */,
				B66D91FBFED492E70291204C /* libPods-ProutsAppUITests.a */,
			);
			name = Frameworks;
			sourceTree = "<group>";
		};
/* End PBXGroup section */

/* Begin PBXNativeTarget section */
		2C20FB841DB6C190003078F9 /* ProutsApp */ = {
			isa = PBXNativeTarget;
			buildConfigurationList = 2C20FBB21DB6C191003078F9 /* Build configuration list for PBXNativeTarget "ProutsApp" */;
			buildPhases = (
				24452ECF84931FC289816302 /* [CP] Check Pods Manifest.lock */,
				2C20FB811DB6C190003078F9 /* Sources */,
				2C20FB821DB6C190003078F9 /* Frameworks */,
				2C20FB831DB6C190003078F9 /* Resources */,
				CCF826969140A426ECB34F46 /* [CP] Embed Pods Frameworks */,
				7E54E6A225DEA4AAAE88C85B /* [CP] Copy Pods Resources */,
			);
			buildRules = (
			);
			dependencies = (
			);
			name = ProutsApp;
			productName = ProutsApp;
			productReference = 2C20FB851DB6C190003078F9 /* ProutsApp.app */;
			productType = "com.apple.product-type.application";
		};
		2C20FB9D1DB6C191003078F9 /* ProutsAppTests */ = {
			isa = PBXNativeTarget;
			buildConfigurationList = 2C20FBB51DB6C191003078F9 /* Build configuration list for PBXNativeTarget "ProutsAppTests" */;
			buildPhases = (
				677F60E31FAA3811CE269A37 /* [CP] Check Pods Manifest.lock */,
				2C20FB9A1DB6C191003078F9 /* Sources */,
				2C20FB9B1DB6C191003078F9 /* Frameworks */,
				2C20FB9C1DB6C191003078F9 /* Resources */,
				53D6E00F63EB6FCA514E3D36 /* [CP] Embed Pods Frameworks */,
				572C327D3AE2EA908048B8A4 /* [CP] Copy Pods Resources */,
			);
			buildRules = (
			);
			dependencies = (
				2C20FBA01DB6C191003078F9 /* PBXTargetDependency */,
			);
			name = ProutsAppTests;
			productName = ProutsAppTests;
			productReference = 2C20FB9E1DB6C191003078F9 /* ProutsAppTests.xctest */;
			productType = "com.apple.product-type.bundle.unit-test";
		};
		2C20FBA81DB6C191003078F9 /* ProutsAppUITests */ = {
			isa = PBXNativeTarget;
			buildConfigurationList = 2C20FBB81DB6C191003078F9 /* Build configuration list for PBXNativeTarget "ProutsAppUITests" */;
			buildPhases = (
				0AFC32888A651E299E3A1C24 /* [CP] Check Pods Manifest.lock */,
				2C20FBA51DB6C191003078F9 /* Sources */,
				2C20FBA61DB6C191003078F9 /* Frameworks */,
				2C20FBA71DB6C191003078F9 /* Resources */,
				94D1313A47C9AB6479599B6F /* [CP] Copy Pods Resources */,
			);
			buildRules = (
			);
			dependencies = (
				2C20FBAB1DB6C191003078F9 /* PBXTargetDependency */,
			);
			name = ProutsAppUITests;
			productName = ProutsAppUITests;
			productReference = 2C20FBA91DB6C191003078F9 /* ProutsAppUITests.xctest */;
			productType = "com.apple.product-type.bundle.ui-testing";
		};
/* End PBXNativeTarget section */

/* Begin PBXProject section */
		2C20FB7D1DB6C190003078F9 /* Project object */ = {
			isa = PBXProject;
			attributes = {
				LastUpgradeCheck = 0800;
				ORGANIZATIONNAME = "Vincent Jardel";
				TargetAttributes = {
					2C20FB841DB6C190003078F9 = {
						CreatedOnToolsVersion = 8.0;
						DevelopmentTeam = 2NB67X8DYS;
						LastSwiftMigration = 0800;
						ProvisioningStyle = Automatic;
						SystemCapabilities = {
							com.apple.Keychain = {
								enabled = 1;
							};
							com.apple.Push = {
								enabled = 0;
							};
						};
					};
					2C20FB9D1DB6C191003078F9 = {
						CreatedOnToolsVersion = 8.0;
						DevelopmentTeam = 2NB67X8DYS;
						ProvisioningStyle = Automatic;
						TestTargetID = 2C20FB841DB6C190003078F9;
					};
					2C20FBA81DB6C191003078F9 = {
						CreatedOnToolsVersion = 8.0;
						DevelopmentTeam = 2NB67X8DYS;
						ProvisioningStyle = Automatic;
						TestTargetID = 2C20FB841DB6C190003078F9;
					};
				};
			};
			buildConfigurationList = 2C20FB801DB6C190003078F9 /* Build configuration list for PBXProject "ProutsApp" */;
			compatibilityVersion = "Xcode 3.2";
			developmentRegion = English;
			hasScannedForEncodings = 0;
			knownRegions = (
				en,
				Base,
			);
			mainGroup = 2C20FB7C1DB6C190003078F9;
			productRefGroup = 2C20FB861DB6C190003078F9 /* Products */;
			projectDirPath = "";
			projectRoot = "";
			targets = (
				2C20FB841DB6C190003078F9 /* ProutsApp */,
				2C20FB9D1DB6C191003078F9 /* ProutsAppTests */,
				2C20FBA81DB6C191003078F9 /* ProutsAppUITests */,
			);
		};
/* End PBXProject section */

/* Begin PBXResourcesBuildPhase section */
		2C20FB831DB6C190003078F9 /* Resources */ = {
			isa = PBXResourcesBuildPhase;
			buildActionMask = 2147483647;
			files = (
				2C20FC041DB6DAA0003078F9 /* Wolf-in-the-City.ttf in Resources */,
				2C20FB981DB6C190003078F9 /* LaunchScreen.storyboard in Resources */,
				2C20FB951DB6C190003078F9 /* Assets.xcassets in Resources */,
				2C20FB931DB6C190003078F9 /* Main.storyboard in Resources */,
			);
			runOnlyForDeploymentPostprocessing = 0;
		};
		2C20FB9C1DB6C191003078F9 /* Resources */ = {
			isa = PBXResourcesBuildPhase;
			buildActionMask = 2147483647;
			files = (
			);
			runOnlyForDeploymentPostprocessing = 0;
		};
		2C20FBA71DB6C191003078F9 /* Resources */ = {
			isa = PBXResourcesBuildPhase;
			buildActionMask = 2147483647;
			files = (
			);
			runOnlyForDeploymentPostprocessing = 0;
		};
/* End PBXResourcesBuildPhase section */

/* Begin PBXShellScriptBuildPhase section */
		0AFC32888A651E299E3A1C24 /* [CP] Check Pods Manifest.lock */ = {
			isa = PBXShellScriptBuildPhase;
			buildActionMask = 2147483647;
			files = (
			);
			inputPaths = (
			);
			name = "[CP] Check Pods Manifest.lock";
			outputPaths = (
			);
			runOnlyForDeploymentPostprocessing = 0;
			shellPath = /bin/sh;
			shellScript = "diff \"${PODS_ROOT}/../Podfile.lock\" \"${PODS_ROOT}/Manifest.lock\" > /dev/null\nif [[ $? != 0 ]] ; then\n    cat << EOM\nerror: The sandbox is not in sync with the Podfile.lock. Run 'pod install' or update your CocoaPods installation.\nEOM\n    exit 1\nfi\n";
			showEnvVarsInLog = 0;
		};
		24452ECF84931FC289816302 /* [CP] Check Pods Manifest.lock */ = {
			isa = PBXShellScriptBuildPhase;
			buildActionMask = 2147483647;
			files = (
			);
			inputPaths = (
			);
			name = "[CP] Check Pods Manifest.lock";
			outputPaths = (
			);
			runOnlyForDeploymentPostprocessing = 0;
			shellPath = /bin/sh;
			shellScript = "diff \"${PODS_ROOT}/../Podfile.lock\" \"${PODS_ROOT}/Manifest.lock\" > /dev/null\nif [[ $? != 0 ]] ; then\n    cat << EOM\nerror: The sandbox is not in sync with the Podfile.lock. Run 'pod install' or update your CocoaPods installation.\nEOM\n    exit 1\nfi\n";
			showEnvVarsInLog = 0;
		};
		53D6E00F63EB6FCA514E3D36 /* [CP] Embed Pods Frameworks */ = {
			isa = PBXShellScriptBuildPhase;
			buildActionMask = 2147483647;
			files = (
			);
			inputPaths = (
			);
			name = "[CP] Embed Pods Frameworks";
			outputPaths = (
			);
			runOnlyForDeploymentPostprocessing = 0;
			shellPath = /bin/sh;
			shellScript = "\"${SRCROOT}/Pods/Target Support Files/Pods-ProutsAppTests/Pods-ProutsAppTests-frameworks.sh\"\n";
			showEnvVarsInLog = 0;
		};
		572C327D3AE2EA908048B8A4 /* [CP] Copy Pods Resources */ = {
			isa = PBXShellScriptBuildPhase;
			buildActionMask = 2147483647;
			files = (
			);
			inputPaths = (
			);
			name = "[CP] Copy Pods Resources";
			outputPaths = (
			);
			runOnlyForDeploymentPostprocessing = 0;
			shellPath = /bin/sh;
			shellScript = "\"${SRCROOT}/Pods/Target Support Files/Pods-ProutsAppTests/Pods-ProutsAppTests-resources.sh\"\n";
			showEnvVarsInLog = 0;
		};
		677F60E31FAA3811CE269A37 /* [CP] Check Pods Manifest.lock */ = {
			isa = PBXShellScriptBuildPhase;
			buildActionMask = 2147483647;
			files = (
			);
			inputPaths = (
			);
			name = "[CP] Check Pods Manifest.lock";
			outputPaths = (
			);
			runOnlyForDeploymentPostprocessing = 0;
			shellPath = /bin/sh;
			shellScript = "diff \"${PODS_ROOT}/../Podfile.lock\" \"${PODS_ROOT}/Manifest.lock\" > /dev/null\nif [[ $? != 0 ]] ; then\n    cat << EOM\nerror: The sandbox is not in sync with the Podfile.lock. Run 'pod install' or update your CocoaPods installation.\nEOM\n    exit 1\nfi\n";
			showEnvVarsInLog = 0;
		};
		7E54E6A225DEA4AAAE88C85B /* [CP] Copy Pods Resources */ = {
			isa = PBXShellScriptBuildPhase;
			buildActionMask = 2147483647;
			files = (
			);
			inputPaths = (
			);
			name = "[CP] Copy Pods Resources";
			outputPaths = (
			);
			runOnlyForDeploymentPostprocessing = 0;
			shellPath = /bin/sh;
			shellScript = "\"${SRCROOT}/Pods/Target Support Files/Pods-ProutsApp/Pods-ProutsApp-resources.sh\"\n";
			showEnvVarsInLog = 0;
		};
		94D1313A47C9AB6479599B6F /* [CP] Copy Pods Resources */ = {
			isa = PBXShellScriptBuildPhase;
			buildActionMask = 2147483647;
			files = (
			);
			inputPaths = (
			);
			name = "[CP] Copy Pods Resources";
			outputPaths = (
			);
			runOnlyForDeploymentPostprocessing = 0;
			shellPath = /bin/sh;
			shellScript = "\"${SRCROOT}/Pods/Target Support Files/Pods-ProutsAppUITests/Pods-ProutsAppUITests-resources.sh\"\n";
			showEnvVarsInLog = 0;
		};
		CCF826969140A426ECB34F46 /* [CP] Embed Pods Frameworks */ = {
			isa = PBXShellScriptBuildPhase;
			buildActionMask = 2147483647;
			files = (
			);
			inputPaths = (
			);
			name = "[CP] Embed Pods Frameworks";
			outputPaths = (
			);
			runOnlyForDeploymentPostprocessing = 0;
			shellPath = /bin/sh;
			shellScript = "\"${SRCROOT}/Pods/Target Support Files/Pods-ProutsApp/Pods-ProutsApp-frameworks.sh\"\n";
			showEnvVarsInLog = 0;
		};
/* End PBXShellScriptBuildPhase section */

/* Begin PBXSourcesBuildPhase section */
		2C20FB811DB6C190003078F9 /* Sources */ = {
			isa = PBXSourcesBuildPhase;
			buildActionMask = 2147483647;
			files = (
				2C20FC011DB6C586003078F9 /* HomeCell.m in Sources */,
				2C20FC001DB6C580003078F9 /* HomeViewController.m in Sources */,
				2C20FBCE1DB6C2A1003078F9 /* Person.m in Sources */,
				2C20FBD71DB6C2D8003078F9 /* EditFriendsViewController.m in Sources */,
				2C20FBCF1DB6C2A1003078F9 /* Screen.m in Sources */,
				2C20FBF51DB6C359003078F9 /* AddEventsViewController.m in Sources */,
				2C20FBE81DB6C34D003078F9 /* ButtonTableViewCell.m in Sources */,
				2C20FBCD1DB6C2A1003078F9 /* Constants.m in Sources */,
				2C20FBD11DB6C2A1003078F9 /* UIColor+CustomColors.m in Sources */,
				2C20FBE91DB6C34D003078F9 /* LabelButtonTableViewCell.m in Sources */,
				2C20FBF81DB6C359003078F9 /* EventDetailViewController.m in Sources */,
				2C20FBD01DB6C2A1003078F9 /* StringFromDateTranslate.m in Sources */,
				2C20FBEB1DB6C34D003078F9 /* SettingsViewController.m in Sources */,
				2C20FBC11DB6C293003078F9 /* LoginViewController.m in Sources */,
				2C20FBF71DB6C359003078F9 /* AddGroupViewController.m in Sources */,
				2C36BF031DB7D5010015724D /* KYShutterButton.swift in Sources */,
				2C20FBEA1DB6C34D003078F9 /* SettingsCell.m in Sources */,
				2C20FBF61DB6C359003078F9 /* ShowFriendViewController.m in Sources */,
				2C20FBD41DB6C2AB003078F9 /* LaunchScreen.m in Sources */,
				2C20FBEC1DB6C34D003078F9 /* SwitchTableViewCell.m in Sources */,
				2C20FBBE1DB6C286003078F9 /* SignupViewController.m in Sources */,
				2C20FB8D1DB6C190003078F9 /* AppDelegate.m in Sources */,
				2C20FB8A1DB6C190003078F9 /* main.m in Sources */,
				2CF0864B1DB79908009F16B8 /* TimerButton.m in Sources */,
			);
			runOnlyForDeploymentPostprocessing = 0;
		};
		2C20FB9A1DB6C191003078F9 /* Sources */ = {
			isa = PBXSourcesBuildPhase;
			buildActionMask = 2147483647;
			files = (
				2C20FBA31DB6C191003078F9 /* ProutsAppTests.m in Sources */,
			);
			runOnlyForDeploymentPostprocessing = 0;
		};
		2C20FBA51DB6C191003078F9 /* Sources */ = {
			isa = PBXSourcesBuildPhase;
			buildActionMask = 2147483647;
			files = (
				2C20FBAE1DB6C191003078F9 /* ProutsAppUITests.m in Sources */,
			);
			runOnlyForDeploymentPostprocessing = 0;
		};
/* End PBXSourcesBuildPhase section */

/* Begin PBXTargetDependency section */
		2C20FBA01DB6C191003078F9 /* PBXTargetDependency */ = {
			isa = PBXTargetDependency;
			target = 2C20FB841DB6C190003078F9 /* ProutsApp */;
			targetProxy = 2C20FB9F1DB6C191003078F9 /* PBXContainerItemProxy */;
		};
		2C20FBAB1DB6C191003078F9 /* PBXTargetDependency */ = {
			isa = PBXTargetDependency;
			target = 2C20FB841DB6C190003078F9 /* ProutsApp */;
			targetProxy = 2C20FBAA1DB6C191003078F9 /* PBXContainerItemProxy */;
		};
/* End PBXTargetDependency section */

/* Begin PBXVariantGroup section */
		2C20FB911DB6C190003078F9 /* Main.storyboard */ = {
			isa = PBXVariantGroup;
			children = (
				2C20FB921DB6C190003078F9 /* Base */,
			);
			name = Main.storyboard;
			sourceTree = "<group>";
		};
		2C20FB961DB6C190003078F9 /* LaunchScreen.storyboard */ = {
			isa = PBXVariantGroup;
			children = (
				2C20FB971DB6C190003078F9 /* Base */,
			);
			name = LaunchScreen.storyboard;
			sourceTree = "<group>";
		};
/* End PBXVariantGroup section */

/* Begin XCBuildConfiguration section */
		2C20FBB01DB6C191003078F9 /* Debug */ = {
			isa = XCBuildConfiguration;
			buildSettings = {
				ALWAYS_SEARCH_USER_PATHS = NO;
				CLANG_ANALYZER_NONNULL = YES;
				CLANG_CXX_LANGUAGE_STANDARD = "gnu++0x";
				CLANG_CXX_LIBRARY = "libc++";
				CLANG_ENABLE_MODULES = YES;
				CLANG_ENABLE_OBJC_ARC = YES;
				CLANG_WARN_BOOL_CONVERSION = YES;
				CLANG_WARN_CONSTANT_CONVERSION = YES;
				CLANG_WARN_DIRECT_OBJC_ISA_USAGE = YES_ERROR;
				CLANG_WARN_DOCUMENTATION_COMMENTS = YES;
				CLANG_WARN_EMPTY_BODY = YES;
				CLANG_WARN_ENUM_CONVERSION = YES;
				CLANG_WARN_INFINITE_RECURSION = YES;
				CLANG_WARN_INT_CONVERSION = YES;
				CLANG_WARN_OBJC_ROOT_CLASS = YES_ERROR;
				CLANG_WARN_SUSPICIOUS_MOVE = YES;
				CLANG_WARN_SUSPICIOUS_MOVES = YES;
				CLANG_WARN_UNREACHABLE_CODE = YES;
				CLANG_WARN__DUPLICATE_METHOD_MATCH = YES;
				"CODE_SIGN_IDENTITY[sdk=iphoneos*]" = "iPhone Developer";
				COPY_PHASE_STRIP = NO;
				DEBUG_INFORMATION_FORMAT = dwarf;
				DEFINES_MODULE = YES;
				ENABLE_STRICT_OBJC_MSGSEND = YES;
				ENABLE_TESTABILITY = YES;
				GCC_C_LANGUAGE_STANDARD = gnu99;
				GCC_DYNAMIC_NO_PIC = NO;
				GCC_NO_COMMON_BLOCKS = YES;
				GCC_OPTIMIZATION_LEVEL = 0;
				GCC_PREPROCESSOR_DEFINITIONS = (
					"DEBUG=1",
					"$(inherited)",
				);
				GCC_WARN_64_TO_32_BIT_CONVERSION = YES;
				GCC_WARN_ABOUT_RETURN_TYPE = YES_ERROR;
				GCC_WARN_UNDECLARED_SELECTOR = YES;
				GCC_WARN_UNINITIALIZED_AUTOS = YES_AGGRESSIVE;
				GCC_WARN_UNUSED_FUNCTION = YES;
				GCC_WARN_UNUSED_VARIABLE = YES;
				IPHONEOS_DEPLOYMENT_TARGET = 10.0;
				MTL_ENABLE_DEBUG_INFO = YES;
				ONLY_ACTIVE_ARCH = YES;
				SDKROOT = iphoneos;
				SWIFT_OBJC_BRIDGING_HEADER = "ProutsApp-Bridging-Header.h";
				TARGETED_DEVICE_FAMILY = "1,2";
			};
			name = Debug;
		};
		2C20FBB11DB6C191003078F9 /* Release */ = {
			isa = XCBuildConfiguration;
			buildSettings = {
				ALWAYS_SEARCH_USER_PATHS = NO;
				CLANG_ANALYZER_NONNULL = YES;
				CLANG_CXX_LANGUAGE_STANDARD = "gnu++0x";
				CLANG_CXX_LIBRARY = "libc++";
				CLANG_ENABLE_MODULES = YES;
				CLANG_ENABLE_OBJC_ARC = YES;
				CLANG_WARN_BOOL_CONVERSION = YES;
				CLANG_WARN_CONSTANT_CONVERSION = YES;
				CLANG_WARN_DIRECT_OBJC_ISA_USAGE = YES_ERROR;
				CLANG_WARN_DOCUMENTATION_COMMENTS = YES;
				CLANG_WARN_EMPTY_BODY = YES;
				CLANG_WARN_ENUM_CONVERSION = YES;
				CLANG_WARN_INFINITE_RECURSION = YES;
				CLANG_WARN_INT_CONVERSION = YES;
				CLANG_WARN_OBJC_ROOT_CLASS = YES_ERROR;
				CLANG_WARN_SUSPICIOUS_MOVE = YES;
				CLANG_WARN_SUSPICIOUS_MOVES = YES;
				CLANG_WARN_UNREACHABLE_CODE = YES;
				CLANG_WARN__DUPLICATE_METHOD_MATCH = YES;
				"CODE_SIGN_IDENTITY[sdk=iphoneos*]" = "iPhone Developer";
				COPY_PHASE_STRIP = NO;
				DEBUG_INFORMATION_FORMAT = "dwarf-with-dsym";
				DEFINES_MODULE = YES;
				ENABLE_NS_ASSERTIONS = NO;
				ENABLE_STRICT_OBJC_MSGSEND = YES;
				GCC_C_LANGUAGE_STANDARD = gnu99;
				GCC_NO_COMMON_BLOCKS = YES;
				GCC_WARN_64_TO_32_BIT_CONVERSION = YES;
				GCC_WARN_ABOUT_RETURN_TYPE = YES_ERROR;
				GCC_WARN_UNDECLARED_SELECTOR = YES;
				GCC_WARN_UNINITIALIZED_AUTOS = YES_AGGRESSIVE;
				GCC_WARN_UNUSED_FUNCTION = YES;
				GCC_WARN_UNUSED_VARIABLE = YES;
				IPHONEOS_DEPLOYMENT_TARGET = 10.0;
				MTL_ENABLE_DEBUG_INFO = NO;
				SDKROOT = iphoneos;
				SWIFT_OBJC_BRIDGING_HEADER = "ProutsApp-Bridging-Header.h";
				TARGETED_DEVICE_FAMILY = "1,2";
				VALIDATE_PRODUCT = YES;
			};
			name = Release;
		};
		2C20FBB31DB6C191003078F9 /* Debug */ = {
			isa = XCBuildConfiguration;
			baseConfigurationReference = C30473B20D6ACBC1B5E2CBF8 /* Pods-ProutsApp.debug.xcconfig */;
			buildSettings = {
				ASSETCATALOG_COMPILER_APPICON_NAME = AppIcon;
				CLANG_ENABLE_MODULES = YES;
				CODE_SIGN_ENTITLEMENTS = ProutsApp/ProutsApp.entitlements;
				DEVELOPMENT_TEAM = 2NB67X8DYS;
				FRAMEWORK_SEARCH_PATHS = (
					"$(inherited)",
					"$(PROJECT_DIR)",
				);
				INFOPLIST_FILE = ProutsApp/Info.plist;
				IPHONEOS_DEPLOYMENT_TARGET = 8.0;
				LD_RUNPATH_SEARCH_PATHS = "$(inherited) @executable_path/Frameworks";
				PRODUCT_BUNDLE_IDENTIFIER = Jardev.ProutsApp;
				PRODUCT_NAME = "$(TARGET_NAME)";
				SWIFT_OBJC_BRIDGING_HEADER = "ProutsApp/ProutsApp-Bridging-Header.h";
				SWIFT_OPTIMIZATION_LEVEL = "-Onone";
				SWIFT_VERSION = 3.0;
			};
			name = Debug;
		};
		2C20FBB41DB6C191003078F9 /* Release */ = {
			isa = XCBuildConfiguration;
			baseConfigurationReference = D9D114B4A4FE2DB4FF119A53 /* Pods-ProutsApp.release.xcconfig */;
			buildSettings = {
				ASSETCATALOG_COMPILER_APPICON_NAME = AppIcon;
				CLANG_ENABLE_MODULES = YES;
				CODE_SIGN_ENTITLEMENTS = ProutsApp/ProutsApp.entitlements;
				DEVELOPMENT_TEAM = 2NB67X8DYS;
				FRAMEWORK_SEARCH_PATHS = (
					"$(inherited)",
					"$(PROJECT_DIR)",
				);
				INFOPLIST_FILE = ProutsApp/Info.plist;
				IPHONEOS_DEPLOYMENT_TARGET = 8.0;
				LD_RUNPATH_SEARCH_PATHS = "$(inherited) @executable_path/Frameworks";
				PRODUCT_BUNDLE_IDENTIFIER = Jardev.ProutsApp;
				PRODUCT_NAME = "$(TARGET_NAME)";
				SWIFT_OBJC_BRIDGING_HEADER = "ProutsApp/ProutsApp-Bridging-Header.h";
				SWIFT_VERSION = 3.0;
			};
			name = Release;
		};
		2C20FBB61DB6C191003078F9 /* Debug */ = {
			isa = XCBuildConfiguration;
			baseConfigurationReference = BE097165DBB69F808CFED8A4 /* Pods-ProutsAppTests.debug.xcconfig */;
			buildSettings = {
				ALWAYS_EMBED_SWIFT_STANDARD_LIBRARIES = YES;
				BUNDLE_LOADER = "$(TEST_HOST)";
				DEVELOPMENT_TEAM = 2NB67X8DYS;
				INFOPLIST_FILE = ProutsAppTests/Info.plist;
				LD_RUNPATH_SEARCH_PATHS = "$(inherited) @executable_path/Frameworks @loader_path/Frameworks";
				PRODUCT_BUNDLE_IDENTIFIER = Jardev.ProutsAppTests;
				PRODUCT_NAME = "$(TARGET_NAME)";
				TEST_HOST = "$(BUILT_PRODUCTS_DIR)/ProutsApp.app/ProutsApp";
			};
			name = Debug;
		};
		2C20FBB71DB6C191003078F9 /* Release */ = {
			isa = XCBuildConfiguration;
			baseConfigurationReference = 8275C36ABA82FC3C54873BF6 /* Pods-ProutsAppTests.release.xcconfig */;
			buildSettings = {
				ALWAYS_EMBED_SWIFT_STANDARD_LIBRARIES = YES;
				BUNDLE_LOADER = "$(TEST_HOST)";
				DEVELOPMENT_TEAM = 2NB67X8DYS;
				INFOPLIST_FILE = ProutsAppTests/Info.plist;
				LD_RUNPATH_SEARCH_PATHS = "$(inherited) @executable_path/Frameworks @loader_path/Frameworks";
				PRODUCT_BUNDLE_IDENTIFIER = Jardev.ProutsAppTests;
				PRODUCT_NAME = "$(TARGET_NAME)";
				TEST_HOST = "$(BUILT_PRODUCTS_DIR)/ProutsApp.app/ProutsApp";
			};
			name = Release;
		};
		2C20FBB91DB6C191003078F9 /* Debug */ = {
			isa = XCBuildConfiguration;
			baseConfigurationReference = 82B4C1AAB9CECFFA97C1F8BC /* Pods-ProutsAppUITests.debug.xcconfig */;
			buildSettings = {
				ALWAYS_EMBED_SWIFT_STANDARD_LIBRARIES = YES;
				DEVELOPMENT_TEAM = 2NB67X8DYS;
				INFOPLIST_FILE = ProutsAppUITests/Info.plist;
				LD_RUNPATH_SEARCH_PATHS = "$(inherited) @executable_path/Frameworks @loader_path/Frameworks";
				PRODUCT_BUNDLE_IDENTIFIER = Jardev.ProutsAppUITests;
				PRODUCT_NAME = "$(TARGET_NAME)";
				TEST_TARGET_NAME = ProutsApp;
			};
			name = Debug;
		};
		2C20FBBA1DB6C191003078F9 /* Release */ = {
			isa = XCBuildConfiguration;
			baseConfigurationReference = 91FB8AC79265E70AA5F8927D /* Pods-ProutsAppUITests.release.xcconfig */;
			buildSettings = {
				ALWAYS_EMBED_SWIFT_STANDARD_LIBRARIES = YES;
				DEVELOPMENT_TEAM = 2NB67X8DYS;
				INFOPLIST_FILE = ProutsAppUITests/Info.plist;
				LD_RUNPATH_SEARCH_PATHS = "$(inherited) @executable_path/Frameworks @loader_path/Frameworks";
				PRODUCT_BUNDLE_IDENTIFIER = Jardev.ProutsAppUITests;
				PRODUCT_NAME = "$(TARGET_NAME)";
				TEST_TARGET_NAME = ProutsApp;
			};
			name = Release;
		};
/* End XCBuildConfiguration section */

/* Begin XCConfigurationList section */
		2C20FB801DB6C190003078F9 /* Build configuration list for PBXProject "ProutsApp" */ = {
			isa = XCConfigurationList;
			buildConfigurations = (
				2C20FBB01DB6C191003078F9 /* Debug */,
				2C20FBB11DB6C191003078F9 /* Release */,
			);
			defaultConfigurationIsVisible = 0;
			defaultConfigurationName = Release;
		};
		2C20FBB21DB6C191003078F9 /* Build configuration list for PBXNativeTarget "ProutsApp" */ = {
			isa = XCConfigurationList;
			buildConfigurations = (
				2C20FBB31DB6C191003078F9 /* Debug */,
				2C20FBB41DB6C191003078F9 /* Release */,
			);
			defaultConfigurationIsVisible = 0;
			defaultConfigurationName = Release;
		};
		2C20FBB51DB6C191003078F9 /* Build configuration list for PBXNativeTarget "ProutsAppTests" */ = {
			isa = XCConfigurationList;
			buildConfigurations = (
				2C20FBB61DB6C191003078F9 /* Debug */,
				2C20FBB71DB6C191003078F9 /* Release */,
			);
			defaultConfigurationIsVisible = 0;
			defaultConfigurationName = Release;
		};
		2C20FBB81DB6C191003078F9 /* Build configuration list for PBXNativeTarget "ProutsAppUITests" */ = {
			isa = XCConfigurationList;
			buildConfigurations = (
				2C20FBB91DB6C191003078F9 /* Debug */,
				2C20FBBA1DB6C191003078F9 /* Release */,
			);
			defaultConfigurationIsVisible = 0;
			defaultConfigurationName = Release;
		};
/* End XCConfigurationList section */
	};
	rootObject = 2C20FB7D1DB6C190003078F9 /* Project object */;
}
